# This file was autogenerated by Stack.
# You should not edit this file by hand.
# For more information, please see the documentation at:
#   https://docs.haskellstack.org/en/stable/lock_files

packages:
- completed:
    hackage: sqlite-simple-0.4.18.0@sha256:3ceea56375c0a3590c814e411a4eb86943f8d31b93b110ca159c90689b6b39e5,3002
    pantry-tree:
      size: 1930
      sha256: e58b9955e483d51ee0966f8ba4384305d871480e2a38b32ee0fcd4573d74cf95
  original:
    hackage: sqlite-simple-0.4.18.0@sha256:3ceea56375c0a3590c814e411a4eb86943f8d31b93b110ca159c90689b6b39e5,3002
- completed:
    hackage: direct-sqlite-2.3.26@sha256:04e835402f1508abca383182023e4e2b9b86297b8533afbd4e57d1a5652e0c23,3718
    pantry-tree:
      size: 770
      sha256: 11874ab21e10c5b54cd1e02a037b677dc1e2ee9986f38c599612c56654dc01c3
  original:
    hackage: direct-sqlite-2.3.26@sha256:04e835402f1508abca383182023e4e2b9b86297b8533afbd4e57d1a5652e0c23,3718
- completed:
    hackage: servant-options-0.1.0.0@sha256:39f50166a68006250e79370372f553ca476f14d06d93fa0c401050253aeba803,914
    pantry-tree:
      size: 293
      sha256: 7812baf1b27c62068ba634207fbd7077b886424d666b36739a78c6d4008a1fd4
  original:
    hackage: servant-options-0.1.0.0@sha256:39f50166a68006250e79370372f553ca476f14d06d93fa0c401050253aeba803,914
- completed:
    hackage: ghc-exactprint-0.6.3.2@sha256:7399e64eef44ac4a946d1796be0cfe8b73279d2eeb66e2fcf6abbf3f6507888f,9411
    pantry-tree:
      size: 86248
      sha256: 5351f2a655e9610d1159f2c4deff5197320a6e70ca5165f14fb40dc045da96b3
  original:
    hackage: ghc-exactprint-0.6.3.2@sha256:7399e64eef44ac4a946d1796be0cfe8b73279d2eeb66e2fcf6abbf3f6507888f,9411
snapshots:
- completed:
    size: 532383
    url: https://raw.githubusercontent.com/commercialhaskell/stackage-snapshots/master/lts/16/10.yaml
    sha256: 469d781ab6d2a4eceed6b31b6e4ec842dcd3cd1d11577972e86902603dce24df
  original: lts-16.10
